
Microsoft Visual Studio Solution File, Format Version 12.00
# Visual Studio 2012
Project("{2150E333-8FDC-42A3-9474-1A3956D46DE8}") = "Trades", "Trades", "{9073B567-EC56-4B9A-B6F3-38678F825A88}"
EndProject
Project("{FAE04EC0-301F-11D3-BF4B-00C04F79EFBC}") = "CoinExchange.Trades.Domain.Model", "Trades\CoinExchange.Trades.Domain.Model\CoinExchange.Trades.Domain.Model.csproj", "{32AC3710-ADF8-4522-8F06-1F9C7A45E6E7}"
EndProject
Project("{FAE04EC0-301F-11D3-BF4B-00C04F79EFBC}") = "CoinExchange.Trades.Application", "Trades\CoinExchange.Trades.Application\CoinExchange.Trades.Application.csproj", "{4A084ED0-9F5D-4CE9-BB1E-D39B21AD9BCB}"
EndProject
Project("{FAE04EC0-301F-11D3-BF4B-00C04F79EFBC}") = "CoinExchange.Trades.Infrastructure.Common", "Trades\CoinExchange.Trades.Infrastructure.Common\CoinExchange.Trades.Infrastructure.Common.csproj", "{549E911D-9534-49E3-AF19-19D06B697083}"
EndProject
Project("{FAE04EC0-301F-11D3-BF4B-00C04F79EFBC}") = "CoinExchange.Trades.Infrastructure.Services", "Trades\CoinExchange.Trades.Infrastructure.Services\CoinExchange.Trades.Infrastructure.Services.csproj", "{2247DD67-1747-430F-B93F-C5538A6DDA1E}"
EndProject
Project("{FAE04EC0-301F-11D3-BF4B-00C04F79EFBC}") = "CoinExchange.Trades.Port.Adapter.Messaging", "Trades\CoinExchange.Trades.Port.Adapter.Messaging\CoinExchange.Trades.Port.Adapter.Messaging.csproj", "{69F83B70-0759-4C16-A4C4-6D17D50F4256}"
EndProject
Project("{2150E333-8FDC-42A3-9474-1A3956D46DE8}") = "Funds", "Funds", "{EF805F06-A034-4CFF-9BD5-0EBC0CCA7879}"
EndProject
Project("{FAE04EC0-301F-11D3-BF4B-00C04F79EFBC}") = "CoinExchange.Funds.Domain.Model", "Funds\CoinExchange.Funds.Domain.Model\CoinExchange.Funds.Domain.Model.csproj", "{4C4F167D-3339-45F1-9A85-71159EF0D806}"
EndProject
Project("{FAE04EC0-301F-11D3-BF4B-00C04F79EFBC}") = "CoinExchange.Funds.Application", "Funds\CoinExchange.Funds.Application\CoinExchange.Funds.Application.csproj", "{F6EDD751-080B-4C4E-8216-2E1ED3ED0A66}"
EndProject
Project("{FAE04EC0-301F-11D3-BF4B-00C04F79EFBC}") = "CoinExchange.Funds.Infrastructure.Common", "Funds\CoinExchange.Funds.Infrastructure.Common\CoinExchange.Funds.Infrastructure.Common.csproj", "{4ED67F1A-B775-4C35-A175-E1E316955E6D}"
EndProject
Project("{FAE04EC0-301F-11D3-BF4B-00C04F79EFBC}") = "CoinExchange.Funds.Infrastructure.Persistence.NHibernate", "Funds\CoinExchange.Funds.Infrastructure.Persistence.NHibernate\CoinExchange.Funds.Infrastructure.Persistence.NHibernate.csproj", "{4CBA757A-C25F-49BF-BD1D-693A98A7C175}"
EndProject
Project("{FAE04EC0-301F-11D3-BF4B-00C04F79EFBC}") = "CoinExchange.Funds.Infrastructure.Services", "Funds\CoinExchange.Funds.Infrastructure.Services\CoinExchange.Funds.Infrastructure.Services.csproj", "{27301EBA-3E81-4091-B877-DA0BE0BAE158}"
EndProject
Project("{FAE04EC0-301F-11D3-BF4B-00C04F79EFBC}") = "CoinExchange.Funds.Port.Adapter.Rest", "Funds\CoinExchange.Funds.Port.Adapter.Rest\CoinExchange.Funds.Port.Adapter.Rest.csproj", "{62D77A23-3F0F-4481-A7D7-773D63D9917A}"
EndProject
Project("{FAE04EC0-301F-11D3-BF4B-00C04F79EFBC}") = "CoinExchange.Funds.Port.Adapter.Messaging", "Funds\CoinExchange.Funds.Port.Adapter.Messaging\CoinExchange.Funds.Port.Adapter.Messaging.csproj", "{8DB1B3EB-5262-4208-ACC5-8ACF284C5977}"
EndProject
Project("{2150E333-8FDC-42A3-9474-1A3956D46DE8}") = ".nuget", ".nuget", "{28FE1877-7018-4B22-B264-2B6580A56C70}"
	ProjectSection(SolutionItems) = preProject
		.nuget\packages.config = .nuget\packages.config
	EndProjectSection
EndProject
Project("{2150E333-8FDC-42A3-9474-1A3956D46DE8}") = "Application", "Application", "{08450C91-0BCE-4289-8B1D-88C4FA51DF16}"
EndProject
Project("{2150E333-8FDC-42A3-9474-1A3956D46DE8}") = "Domain", "Domain", "{CD435FCE-0A6F-4563-8F2C-C9FD00729EB0}"
EndProject
Project("{2150E333-8FDC-42A3-9474-1A3956D46DE8}") = "Infrastructure", "Infrastructure", "{C9D03C79-C7C6-4EAD-AD9B-5A9BBC3312D6}"
EndProject
Project("{2150E333-8FDC-42A3-9474-1A3956D46DE8}") = "Ports", "Ports", "{CD14932B-B0A0-40D8-A683-4598B5415FE2}"
EndProject
Project("{2150E333-8FDC-42A3-9474-1A3956D46DE8}") = "Common", "Common", "{D9EFBBF7-E413-432F-A8DD-47607BA9C3A0}"
EndProject
Project("{FAE04EC0-301F-11D3-BF4B-00C04F79EFBC}") = "CoinExchange.Common", "Common\CoinExchange.Common\CoinExchange.Common.csproj", "{D61DBD04-95DC-4EB1-AD54-1FF929AC2814}"
EndProject
Project("{FAE04EC0-301F-11D3-BF4B-00C04F79EFBC}") = "CoinExchange.Rest.WebHost", "Common\CoinExchange.Rest.WebHost\CoinExchange.Rest.WebHost.csproj", "{583A125D-9199-4122-B8BA-FD520068F083}"
EndProject
Project("{FAE04EC0-301F-11D3-BF4B-00C04F79EFBC}") = "CoinExchange.Rest.WebHost.Tests", "Common\CoinExchange.Rest.WebHost.Tests\CoinExchange.Rest.WebHost.Tests.csproj", "{611EF683-34FE-43F4-AD9A-DFD79731AB0A}"
EndProject
Project("{FAE04EC0-301F-11D3-BF4B-00C04F79EFBC}") = "CoinExchange.Trades.Application.IntegrationTests", "Trades\CoinExchange.Trades.Application.IntegrationTests\CoinExchange.Trades.Application.IntegrationTests.csproj", "{E0C35C03-F71F-44DA-89ED-17092E10D97D}"
EndProject
Project("{FAE04EC0-301F-11D3-BF4B-00C04F79EFBC}") = "CoinExchange.Trades.Application.Tests", "Trades\CoinExchange.Trades.Application.Tests\CoinExchange.Trades.Application.Tests.csproj", "{C88D301B-9326-4F74-916B-0BAF299969BD}"
EndProject
Project("{FAE04EC0-301F-11D3-BF4B-00C04F79EFBC}") = "CoinExchange.Trades.Domain.Model.IntegrationTests", "Trades\CoinExchange.Trades.Domain.Model.IntegrationTests\CoinExchange.Trades.Domain.Model.IntegrationTests.csproj", "{07EF33EC-6D92-4176-8E6D-C1C5BACD3E6E}"
EndProject
Project("{FAE04EC0-301F-11D3-BF4B-00C04F79EFBC}") = "CoinExchange.Trades.Domain.Model.Tests", "Trades\CoinExchange.Trades.Domain.Model.Tests\CoinExchange.Trades.Domain.Model.Tests.csproj", "{A8D2E330-FD7D-49E3-8080-F3EC87E93781}"
EndProject
Project("{FAE04EC0-301F-11D3-BF4B-00C04F79EFBC}") = "CoinExchange.Trades.Port.Adapter.Rest.IntegrationTests", "Trades\CoinExchange.Trades.Port.Adapter.Rest.IntegrationTests\CoinExchange.Trades.Port.Adapter.Rest.IntegrationTests.csproj", "{288BCB69-1B33-41B5-B1FD-46C03761B514}"
EndProject
Project("{FAE04EC0-301F-11D3-BF4B-00C04F79EFBC}") = "CoinExchange.Trades.Port.Adapter.Rest.Tests", "Trades\CoinExchange.Trades.Port.Adapter.Rest.Tests\CoinExchange.Trades.Port.Adapter.Rest.Tests.csproj", "{F8C44C6A-135B-4753-982B-9507E7899327}"
EndProject
Project("{2150E333-8FDC-42A3-9474-1A3956D46DE8}") = "Ports", "Ports", "{1631B2D7-CE93-46FA-9C7C-754415AC5E47}"
EndProject
Project("{FAE04EC0-301F-11D3-BF4B-00C04F79EFBC}") = "CoinExchange.Funds.Port.Adapter.Rest.IntegrationTests", "Funds\CoinExchange.Funds.Port.Adapter.Rest.IntegrationTests\CoinExchange.Funds.Port.Adapter.Rest.IntegrationTests.csproj", "{B96CB3A4-B8CC-49A5-93B9-34255F801A7F}"
EndProject
Project("{FAE04EC0-301F-11D3-BF4B-00C04F79EFBC}") = "CoinExchange.Funds.Port.Adapter.Rest.Tests", "Funds\CoinExchange.Funds.Port.Adapter.Rest.Tests\CoinExchange.Funds.Port.Adapter.Rest.Tests.csproj", "{ED90B5C6-71F0-46F6-A2A5-806997104121}"
EndProject
Project("{2150E333-8FDC-42A3-9474-1A3956D46DE8}") = "Application", "Application", "{F5ACBC12-CCD7-4D6C-9CFB-7AD2AD4C78D6}"
EndProject
Project("{FAE04EC0-301F-11D3-BF4B-00C04F79EFBC}") = "CoinExchange.Funds.Application.Tests", "Funds\CoinExchange.Funds.Application.Tests\CoinExchange.Funds.Application.Tests.csproj", "{62991061-98B4-4213-8EB2-BC89183BBEFD}"
EndProject
Project("{FAE04EC0-301F-11D3-BF4B-00C04F79EFBC}") = "CoinExchange.Funds.Application.IntegrationTests", "Funds\CoinExchange.Funds.Application.IntegrationTests\CoinExchange.Funds.Application.IntegrationTests.csproj", "{DB1418F1-7D65-4317-95E0-C3EFF5B482DB}"
EndProject
Project("{2150E333-8FDC-42A3-9474-1A3956D46DE8}") = "Domain", "Domain", "{DE022CD4-E718-4010-BFA9-872D58C6C2FD}"
EndProject
Project("{2150E333-8FDC-42A3-9474-1A3956D46DE8}") = "Infrastructure", "Infrastructure", "{8DF74568-2852-41F1-A25C-1FAFB34C0DEF}"
EndProject
Project("{FAE04EC0-301F-11D3-BF4B-00C04F79EFBC}") = "CoinExchange.Trades.Port.Adapter.Rest", "Trades\CoinExchange.Trades.Port.Adapter.Rest\CoinExchange.Trades.Port.Adapter.Rest.csproj", "{58D0962F-9A65-499C-820E-6EF9AFA52F61}"
EndProject
Project("{2150E333-8FDC-42A3-9474-1A3956D46DE8}") = "IdentityAccess", "IdentityAccess", "{AA8A8F0B-1478-43D4-8392-2DEC3441AA8B}"
EndProject
Project("{FAE04EC0-301F-11D3-BF4B-00C04F79EFBC}") = "CoinExchange.IdentityAccess.Application", "IdentityAccess\CoinExchange.IdentityAccess.Application\CoinExchange.IdentityAccess.Application.csproj", "{523DACA3-BEC6-45E9-90D4-8F6F8A1266D7}"
EndProject
Project("{2150E333-8FDC-42A3-9474-1A3956D46DE8}") = "Client", "Client", "{36A9A006-E77F-42D7-818B-C437AE7C49F7}"
EndProject
Project("{FAE04EC0-301F-11D3-BF4B-00C04F79EFBC}") = "CoinExchange.Client", "Client\CoinExchange.Client\CoinExchange.Client.csproj", "{7B5B2BB2-D8A1-49BC-A332-FEFEC344DB27}"
EndProject
Project("{FAE04EC0-301F-11D3-BF4B-00C04F79EFBC}") = "CoinExchange.Client.Console", "Client\CoinExchange.Client.Console\CoinExchange.Client.Console.csproj", "{27F0351B-4650-4217-8BF1-0CA41745D15E}"
EndProject
Project("{FAE04EC0-301F-11D3-BF4B-00C04F79EFBC}") = "CoinExchange.Trades.Infrastructure.Persistence", "Trades\CoinExchange.Trades.Infrastructure.Persistence\CoinExchange.Trades.Infrastructure.Persistence.csproj", "{1FE04E5F-951E-408F-9172-87B259CBBF94}"
EndProject
Project("{2150E333-8FDC-42A3-9474-1A3956D46DE8}") = "ReadModel", "ReadModel", "{1EEB49D9-7B09-48D6-89B1-47BE575465D9}"
EndProject
Project("{FAE04EC0-301F-11D3-BF4B-00C04F79EFBC}") = "CoinExchange.Trades.ReadModel", "Trades\CoinExchange.Trades.ReadModel\CoinExchange.Trades.ReadModel.csproj", "{E31A7AA3-DA8B-4E3D-8E3B-684555A8DAFC}"
EndProject
Project("{FAE04EC0-301F-11D3-BF4B-00C04F79EFBC}") = "CoinExchange.Trades.ReadModel.Persistence", "Trades\CoinExchance.Trades.ReadModel.Persistence\CoinExchange.Trades.ReadModel.Persistence.csproj", "{9FCA647F-ED19-4BEF-A2FF-093AE27974E9}"
EndProject
Project("{FAE04EC0-301F-11D3-BF4B-00C04F79EFBC}") = "CoinExchange.Trades.ReadModel.Persistence.Tests", "Trades\CoinExchange.Trades.ReadModel.Persistence.Tests\CoinExchange.Trades.ReadModel.Persistence.Tests.csproj", "{8C2F9E03-DA0E-48BB-BCDE-04312DBB8D6A}"
EndProject
Project("{FAE04EC0-301F-11D3-BF4B-00C04F79EFBC}") = "CoinExchange.Trades.ReadModel.Tests", "Trades\CoinExchange.Trades.ReadModel.Tests\CoinExchange.Trades.ReadModel.Tests.csproj", "{6229EAE5-0E6B-41A4-9FE4-560A868549CC}"
EndProject
Project("{FAE04EC0-301F-11D3-BF4B-00C04F79EFBC}") = "CoinExchange.Trades.ReadModel.IntegrationTests", "Trades\CoinExchange.Trades.ReadModel.IntegrationTests\CoinExchange.Trades.ReadModel.IntegrationTests.csproj", "{20C99C5A-BF22-4BE7-9309-9994658A1E14}"
EndProject
Project("{FAE04EC0-301F-11D3-BF4B-00C04F79EFBC}") = "CoinExchange.Common.Tests", "common\CoinExchange.Common.Tests\CoinExchange.Common.Tests.csproj", "{BBF58888-03CD-47F4-AEB9-BC6070D97920}"
EndProject
Project("{2150E333-8FDC-42A3-9474-1A3956D46DE8}") = "Data", "Data", "{25A69626-C318-4832-8E81-CED56CC9966C}"
EndProject
Project("{2150E333-8FDC-42A3-9474-1A3956D46DE8}") = "MySql", "MySql", "{8580CC98-B35F-468C-A0CE-A4F6FE5EDE7C}"
	ProjectSection(SolutionItems) = preProject
		Data\create.sql = Data\create.sql
		Data\drop.sql = Data\drop.sql
		Data\populate.sql = Data\populate.sql
	EndProjectSection
EndProject
Project("{2150E333-8FDC-42A3-9474-1A3956D46DE8}") = "RavenDB", "RavenDB", "{3CDFE443-EEA2-4DD5-A912-432A42A69832}"
	ProjectSection(SolutionItems) = preProject
		Data\RavenDB\InputEventStore.ravendump = Data\RavenDB\InputEventStore.ravendump
		Data\RavenDB\OutputEventStore.ravendump = Data\RavenDB\OutputEventStore.ravendump
	EndProjectSection
EndProject
Project("{FAE04EC0-301F-11D3-BF4B-00C04F79EFBC}") = "CoinExchange.Client.Tests", "Client\CoinExchange.Client.Tests\CoinExchange.Client.Tests.csproj", "{858903A5-C637-4D20-B32E-6411F86EB64D}"
EndProject
Project("{2150E333-8FDC-42A3-9474-1A3956D46DE8}") = "Application", "Application", "{8025AAA6-E76C-4D87-855C-3F78AE21D939}"
EndProject
Project("{FAE04EC0-301F-11D3-BF4B-00C04F79EFBC}") = "CoinExchange.IdentityAccess.Application.Tests", "IdentityAccess\CoinExchange.IdentityAccess.Application.Tests\CoinExchange.IdentityAccess.Application.Tests.csproj", "{A7AB9AE6-04CD-44A7-84F5-53FC1815C17F}"
EndProject
Project("{FAE04EC0-301F-11D3-BF4B-00C04F79EFBC}") = "CoinExchange.IdentityAccess.Application.IntegrationTests", "IdentityAccess\CoinExchange.IdentityAccess.Application.IntegrationTests\CoinExchange.IdentityAccess.Application.IntegrationTests.csproj", "{AE611C11-C8D5-4D19-936C-137985BF63B4}"
EndProject
Project("{2150E333-8FDC-42A3-9474-1A3956D46DE8}") = "Infrastructure", "Infrastructure", "{4005EF1F-B428-41ED-8185-0E97FFCC33EB}"
EndProject
Project("{FAE04EC0-301F-11D3-BF4B-00C04F79EFBC}") = "CoinExchange.IdentityAccess.Infrastructure", "IdentityAccess\CoinExchange.IdentityAccess.Infrastructure\CoinExchange.IdentityAccess.Infrastructure.csproj", "{D1F70751-534E-461E-999D-42813AC2CAE8}"
EndProject
Project("{FAE04EC0-301F-11D3-BF4B-00C04F79EFBC}") = "CoinExchange.IdentityAccess.Infrastructure.Tests", "IdentityAccess\CoinExchange.IdentityAccess.Infrastructure.Tests\CoinExchange.IdentityAccess.Infrastructure.Tests.csproj", "{22A8139A-B784-4515-9F82-D50660C0636C}"
EndProject
Project("{FAE04EC0-301F-11D3-BF4B-00C04F79EFBC}") = "CoinExchange.IdentityAccess.Infrastructure.IntegrationTests", "IdentityAccess\CoinExchange.IdentityAccess.Infrastructure.IntegrationTests\CoinExchange.IdentityAccess.Infrastructure.IntegrationTests.csproj", "{0F18B07C-B8FA-4A0A-8CB1-FAE9BEEE8969}"
EndProject
Project("{2150E333-8FDC-42A3-9474-1A3956D46DE8}") = "Domain", "Domain", "{2E89993D-0127-475B-B7C9-8B6A97DB67CC}"
EndProject
Project("{FAE04EC0-301F-11D3-BF4B-00C04F79EFBC}") = "CoinExchange.IdentityAccess.Domain.Model", "IdentityAccess\CoinExchange.IdentityAccess.Domain.Model\CoinExchange.IdentityAccess.Domain.Model.csproj", "{CB2CCA81-C266-49A4-9FA0-40416EC2318E}"
EndProject
Project("{FAE04EC0-301F-11D3-BF4B-00C04F79EFBC}") = "CoinExchange.IdentityAccess.Domain.Model.Tests", "IdentityAccess\CoinExchange.IdentityAccess.Domain.Model.Tests\CoinExchange.IdentityAccess.Domain.Model.Tests.csproj", "{282ABDCD-5E77-4662-8439-E0669FE7FAA1}"
EndProject
Project("{FAE04EC0-301F-11D3-BF4B-00C04F79EFBC}") = "CoinExchange.IdentityAccess.Domain.Model.IntegrationTests", "IdentityAccess\CoinExchange.IdentityAccess.Domain.Model.IntegrationTests\CoinExchange.IdentityAccess.Domain.Model.IntegrationTests.csproj", "{B481B48C-74E8-4743-A8F5-30B8D7C90C25}"
EndProject
Project("{2150E333-8FDC-42A3-9474-1A3956D46DE8}") = "Ports", "Ports", "{DA126980-6EB1-4C91-9C85-276E589CEF08}"
EndProject
Project("{FAE04EC0-301F-11D3-BF4B-00C04F79EFBC}") = "CoinExchange.IdentityAccess.Port.Adapter.Rest", "IdentityAccess\CoinExchange.IdentityAccess.Port.Adapter.Rest\CoinExchange.IdentityAccess.Port.Adapter.Rest.csproj", "{54938884-179C-46F9-ABA4-2C4CED45B175}"
EndProject
Project("{FAE04EC0-301F-11D3-BF4B-00C04F79EFBC}") = "CoinExchange.IdentityAccess.Port.Adapter.Messaging", "IdentityAccess\CoinExchange.IdentityAccess.Port.Adapter.Messaging\CoinExchange.IdentityAccess.Port.Adapter.Messaging.csproj", "{7455AFBE-4E28-41D5-A94D-5308AE57ACE6}"
EndProject
Project("{FAE04EC0-301F-11D3-BF4B-00C04F79EFBC}") = "CoinExchange.IdentityAccess.Port.Adapter.Rest.Tests", "IdentityAccess\CoinExchange.IdentityAccess.Port.Adapter.Rest.Tests\CoinExchange.IdentityAccess.Port.Adapter.Rest.Tests.csproj", "{CACD8018-E1AB-42C2-B8D2-0D1F443C6058}"
EndProject
Project("{FAE04EC0-301F-11D3-BF4B-00C04F79EFBC}") = "CoinExchange.IdentityAccess.Port.Adapter.Rest.IntegrationTests", "IdentityAccess\CoinExchange.IdentityAccess.Port.Adapter.Rest.IntegrationTests\CoinExchange.IdentityAccess.Port.Adapter.Rest.IntegrationTests.csproj", "{F1F08DC3-E584-498E-BFB3-3DC790416947}"
EndProject
Project("{FAE04EC0-301F-11D3-BF4B-00C04F79EFBC}") = "CoinExchange.IdentityAccess.Infrastructure.Services", "IdentityAccess\CoinExchange.IdentityAccess.Infrastructure.Services\CoinExchange.IdentityAccess.Infrastructure.Services.csproj", "{4921A0E0-8197-4D15-932B-06D667BF9275}"
EndProject
Global
	GlobalSection(SolutionConfigurationPlatforms) = preSolution
		Debug|Any CPU = Debug|Any CPU
		Release|Any CPU = Release|Any CPU
	EndGlobalSection
	GlobalSection(ProjectConfigurationPlatforms) = postSolution
		{32AC3710-ADF8-4522-8F06-1F9C7A45E6E7}.Debug|Any CPU.ActiveCfg = Debug|Any CPU
		{32AC3710-ADF8-4522-8F06-1F9C7A45E6E7}.Debug|Any CPU.Build.0 = Debug|Any CPU
		{32AC3710-ADF8-4522-8F06-1F9C7A45E6E7}.Release|Any CPU.ActiveCfg = Release|Any CPU
		{32AC3710-ADF8-4522-8F06-1F9C7A45E6E7}.Release|Any CPU.Build.0 = Release|Any CPU
		{4A084ED0-9F5D-4CE9-BB1E-D39B21AD9BCB}.Debug|Any CPU.ActiveCfg = Debug|Any CPU
		{4A084ED0-9F5D-4CE9-BB1E-D39B21AD9BCB}.Debug|Any CPU.Build.0 = Debug|Any CPU
		{4A084ED0-9F5D-4CE9-BB1E-D39B21AD9BCB}.Release|Any CPU.ActiveCfg = Release|Any CPU
		{4A084ED0-9F5D-4CE9-BB1E-D39B21AD9BCB}.Release|Any CPU.Build.0 = Release|Any CPU
		{549E911D-9534-49E3-AF19-19D06B697083}.Debug|Any CPU.ActiveCfg = Debug|Any CPU
		{549E911D-9534-49E3-AF19-19D06B697083}.Debug|Any CPU.Build.0 = Debug|Any CPU
		{549E911D-9534-49E3-AF19-19D06B697083}.Release|Any CPU.ActiveCfg = Release|Any CPU
		{549E911D-9534-49E3-AF19-19D06B697083}.Release|Any CPU.Build.0 = Release|Any CPU
		{2247DD67-1747-430F-B93F-C5538A6DDA1E}.Debug|Any CPU.ActiveCfg = Debug|Any CPU
		{2247DD67-1747-430F-B93F-C5538A6DDA1E}.Debug|Any CPU.Build.0 = Debug|Any CPU
		{2247DD67-1747-430F-B93F-C5538A6DDA1E}.Release|Any CPU.ActiveCfg = Release|Any CPU
		{2247DD67-1747-430F-B93F-C5538A6DDA1E}.Release|Any CPU.Build.0 = Release|Any CPU
		{69F83B70-0759-4C16-A4C4-6D17D50F4256}.Debug|Any CPU.ActiveCfg = Debug|Any CPU
		{69F83B70-0759-4C16-A4C4-6D17D50F4256}.Debug|Any CPU.Build.0 = Debug|Any CPU
		{69F83B70-0759-4C16-A4C4-6D17D50F4256}.Release|Any CPU.ActiveCfg = Release|Any CPU
		{69F83B70-0759-4C16-A4C4-6D17D50F4256}.Release|Any CPU.Build.0 = Release|Any CPU
		{4C4F167D-3339-45F1-9A85-71159EF0D806}.Debug|Any CPU.ActiveCfg = Debug|Any CPU
		{4C4F167D-3339-45F1-9A85-71159EF0D806}.Debug|Any CPU.Build.0 = Debug|Any CPU
		{4C4F167D-3339-45F1-9A85-71159EF0D806}.Release|Any CPU.ActiveCfg = Release|Any CPU
		{4C4F167D-3339-45F1-9A85-71159EF0D806}.Release|Any CPU.Build.0 = Release|Any CPU
		{F6EDD751-080B-4C4E-8216-2E1ED3ED0A66}.Debug|Any CPU.ActiveCfg = Debug|Any CPU
		{F6EDD751-080B-4C4E-8216-2E1ED3ED0A66}.Debug|Any CPU.Build.0 = Debug|Any CPU
		{F6EDD751-080B-4C4E-8216-2E1ED3ED0A66}.Release|Any CPU.ActiveCfg = Release|Any CPU
		{F6EDD751-080B-4C4E-8216-2E1ED3ED0A66}.Release|Any CPU.Build.0 = Release|Any CPU
		{4ED67F1A-B775-4C35-A175-E1E316955E6D}.Debug|Any CPU.ActiveCfg = Debug|Any CPU
		{4ED67F1A-B775-4C35-A175-E1E316955E6D}.Debug|Any CPU.Build.0 = Debug|Any CPU
		{4ED67F1A-B775-4C35-A175-E1E316955E6D}.Release|Any CPU.ActiveCfg = Release|Any CPU
		{4ED67F1A-B775-4C35-A175-E1E316955E6D}.Release|Any CPU.Build.0 = Release|Any CPU
		{4CBA757A-C25F-49BF-BD1D-693A98A7C175}.Debug|Any CPU.ActiveCfg = Debug|Any CPU
		{4CBA757A-C25F-49BF-BD1D-693A98A7C175}.Debug|Any CPU.Build.0 = Debug|Any CPU
		{4CBA757A-C25F-49BF-BD1D-693A98A7C175}.Release|Any CPU.ActiveCfg = Release|Any CPU
		{4CBA757A-C25F-49BF-BD1D-693A98A7C175}.Release|Any CPU.Build.0 = Release|Any CPU
		{27301EBA-3E81-4091-B877-DA0BE0BAE158}.Debug|Any CPU.ActiveCfg = Debug|Any CPU
		{27301EBA-3E81-4091-B877-DA0BE0BAE158}.Debug|Any CPU.Build.0 = Debug|Any CPU
		{27301EBA-3E81-4091-B877-DA0BE0BAE158}.Release|Any CPU.ActiveCfg = Release|Any CPU
		{27301EBA-3E81-4091-B877-DA0BE0BAE158}.Release|Any CPU.Build.0 = Release|Any CPU
		{62D77A23-3F0F-4481-A7D7-773D63D9917A}.Debug|Any CPU.ActiveCfg = Debug|Any CPU
		{62D77A23-3F0F-4481-A7D7-773D63D9917A}.Debug|Any CPU.Build.0 = Debug|Any CPU
		{62D77A23-3F0F-4481-A7D7-773D63D9917A}.Release|Any CPU.ActiveCfg = Release|Any CPU
		{62D77A23-3F0F-4481-A7D7-773D63D9917A}.Release|Any CPU.Build.0 = Release|Any CPU
		{8DB1B3EB-5262-4208-ACC5-8ACF284C5977}.Debug|Any CPU.ActiveCfg = Debug|Any CPU
		{8DB1B3EB-5262-4208-ACC5-8ACF284C5977}.Debug|Any CPU.Build.0 = Debug|Any CPU
		{8DB1B3EB-5262-4208-ACC5-8ACF284C5977}.Release|Any CPU.ActiveCfg = Release|Any CPU
		{8DB1B3EB-5262-4208-ACC5-8ACF284C5977}.Release|Any CPU.Build.0 = Release|Any CPU
		{D61DBD04-95DC-4EB1-AD54-1FF929AC2814}.Debug|Any CPU.ActiveCfg = Debug|Any CPU
		{D61DBD04-95DC-4EB1-AD54-1FF929AC2814}.Debug|Any CPU.Build.0 = Debug|Any CPU
		{D61DBD04-95DC-4EB1-AD54-1FF929AC2814}.Release|Any CPU.ActiveCfg = Release|Any CPU
		{D61DBD04-95DC-4EB1-AD54-1FF929AC2814}.Release|Any CPU.Build.0 = Release|Any CPU
		{583A125D-9199-4122-B8BA-FD520068F083}.Debug|Any CPU.ActiveCfg = Debug|Any CPU
		{583A125D-9199-4122-B8BA-FD520068F083}.Debug|Any CPU.Build.0 = Debug|Any CPU
		{583A125D-9199-4122-B8BA-FD520068F083}.Release|Any CPU.ActiveCfg = Release|Any CPU
		{583A125D-9199-4122-B8BA-FD520068F083}.Release|Any CPU.Build.0 = Release|Any CPU
		{611EF683-34FE-43F4-AD9A-DFD79731AB0A}.Debug|Any CPU.ActiveCfg = Debug|Any CPU
		{611EF683-34FE-43F4-AD9A-DFD79731AB0A}.Debug|Any CPU.Build.0 = Debug|Any CPU
		{611EF683-34FE-43F4-AD9A-DFD79731AB0A}.Release|Any CPU.ActiveCfg = Release|Any CPU
		{611EF683-34FE-43F4-AD9A-DFD79731AB0A}.Release|Any CPU.Build.0 = Release|Any CPU
		{E0C35C03-F71F-44DA-89ED-17092E10D97D}.Debug|Any CPU.ActiveCfg = Debug|Any CPU
		{E0C35C03-F71F-44DA-89ED-17092E10D97D}.Debug|Any CPU.Build.0 = Debug|Any CPU
		{E0C35C03-F71F-44DA-89ED-17092E10D97D}.Release|Any CPU.ActiveCfg = Release|Any CPU
		{E0C35C03-F71F-44DA-89ED-17092E10D97D}.Release|Any CPU.Build.0 = Release|Any CPU
		{C88D301B-9326-4F74-916B-0BAF299969BD}.Debug|Any CPU.ActiveCfg = Debug|Any CPU
		{C88D301B-9326-4F74-916B-0BAF299969BD}.Debug|Any CPU.Build.0 = Debug|Any CPU
		{C88D301B-9326-4F74-916B-0BAF299969BD}.Release|Any CPU.ActiveCfg = Release|Any CPU
		{C88D301B-9326-4F74-916B-0BAF299969BD}.Release|Any CPU.Build.0 = Release|Any CPU
		{07EF33EC-6D92-4176-8E6D-C1C5BACD3E6E}.Debug|Any CPU.ActiveCfg = Debug|Any CPU
		{07EF33EC-6D92-4176-8E6D-C1C5BACD3E6E}.Debug|Any CPU.Build.0 = Debug|Any CPU
		{07EF33EC-6D92-4176-8E6D-C1C5BACD3E6E}.Release|Any CPU.ActiveCfg = Release|Any CPU
		{07EF33EC-6D92-4176-8E6D-C1C5BACD3E6E}.Release|Any CPU.Build.0 = Release|Any CPU
		{A8D2E330-FD7D-49E3-8080-F3EC87E93781}.Debug|Any CPU.ActiveCfg = Debug|Any CPU
		{A8D2E330-FD7D-49E3-8080-F3EC87E93781}.Debug|Any CPU.Build.0 = Debug|Any CPU
		{A8D2E330-FD7D-49E3-8080-F3EC87E93781}.Release|Any CPU.ActiveCfg = Release|Any CPU
		{A8D2E330-FD7D-49E3-8080-F3EC87E93781}.Release|Any CPU.Build.0 = Release|Any CPU
		{288BCB69-1B33-41B5-B1FD-46C03761B514}.Debug|Any CPU.ActiveCfg = Debug|Any CPU
		{288BCB69-1B33-41B5-B1FD-46C03761B514}.Debug|Any CPU.Build.0 = Debug|Any CPU
		{288BCB69-1B33-41B5-B1FD-46C03761B514}.Release|Any CPU.ActiveCfg = Release|Any CPU
		{288BCB69-1B33-41B5-B1FD-46C03761B514}.Release|Any CPU.Build.0 = Release|Any CPU
		{F8C44C6A-135B-4753-982B-9507E7899327}.Debug|Any CPU.ActiveCfg = Debug|Any CPU
		{F8C44C6A-135B-4753-982B-9507E7899327}.Debug|Any CPU.Build.0 = Debug|Any CPU
		{F8C44C6A-135B-4753-982B-9507E7899327}.Release|Any CPU.ActiveCfg = Release|Any CPU
		{F8C44C6A-135B-4753-982B-9507E7899327}.Release|Any CPU.Build.0 = Release|Any CPU
		{B96CB3A4-B8CC-49A5-93B9-34255F801A7F}.Debug|Any CPU.ActiveCfg = Debug|Any CPU
		{B96CB3A4-B8CC-49A5-93B9-34255F801A7F}.Debug|Any CPU.Build.0 = Debug|Any CPU
		{B96CB3A4-B8CC-49A5-93B9-34255F801A7F}.Release|Any CPU.ActiveCfg = Release|Any CPU
		{B96CB3A4-B8CC-49A5-93B9-34255F801A7F}.Release|Any CPU.Build.0 = Release|Any CPU
		{ED90B5C6-71F0-46F6-A2A5-806997104121}.Debug|Any CPU.ActiveCfg = Debug|Any CPU
		{ED90B5C6-71F0-46F6-A2A5-806997104121}.Debug|Any CPU.Build.0 = Debug|Any CPU
		{ED90B5C6-71F0-46F6-A2A5-806997104121}.Release|Any CPU.ActiveCfg = Release|Any CPU
		{ED90B5C6-71F0-46F6-A2A5-806997104121}.Release|Any CPU.Build.0 = Release|Any CPU
		{62991061-98B4-4213-8EB2-BC89183BBEFD}.Debug|Any CPU.ActiveCfg = Debug|Any CPU
		{62991061-98B4-4213-8EB2-BC89183BBEFD}.Debug|Any CPU.Build.0 = Debug|Any CPU
		{62991061-98B4-4213-8EB2-BC89183BBEFD}.Release|Any CPU.ActiveCfg = Release|Any CPU
		{62991061-98B4-4213-8EB2-BC89183BBEFD}.Release|Any CPU.Build.0 = Release|Any CPU
		{DB1418F1-7D65-4317-95E0-C3EFF5B482DB}.Debug|Any CPU.ActiveCfg = Debug|Any CPU
		{DB1418F1-7D65-4317-95E0-C3EFF5B482DB}.Debug|Any CPU.Build.0 = Debug|Any CPU
		{DB1418F1-7D65-4317-95E0-C3EFF5B482DB}.Release|Any CPU.ActiveCfg = Release|Any CPU
		{DB1418F1-7D65-4317-95E0-C3EFF5B482DB}.Release|Any CPU.Build.0 = Release|Any CPU
		{58D0962F-9A65-499C-820E-6EF9AFA52F61}.Debug|Any CPU.ActiveCfg = Debug|Any CPU
		{58D0962F-9A65-499C-820E-6EF9AFA52F61}.Debug|Any CPU.Build.0 = Debug|Any CPU
		{58D0962F-9A65-499C-820E-6EF9AFA52F61}.Release|Any CPU.ActiveCfg = Release|Any CPU
		{58D0962F-9A65-499C-820E-6EF9AFA52F61}.Release|Any CPU.Build.0 = Release|Any CPU
		{523DACA3-BEC6-45E9-90D4-8F6F8A1266D7}.Debug|Any CPU.ActiveCfg = Debug|Any CPU
		{523DACA3-BEC6-45E9-90D4-8F6F8A1266D7}.Debug|Any CPU.Build.0 = Debug|Any CPU
		{523DACA3-BEC6-45E9-90D4-8F6F8A1266D7}.Release|Any CPU.ActiveCfg = Release|Any CPU
		{523DACA3-BEC6-45E9-90D4-8F6F8A1266D7}.Release|Any CPU.Build.0 = Release|Any CPU
		{7B5B2BB2-D8A1-49BC-A332-FEFEC344DB27}.Debug|Any CPU.ActiveCfg = Debug|Any CPU
		{7B5B2BB2-D8A1-49BC-A332-FEFEC344DB27}.Debug|Any CPU.Build.0 = Debug|Any CPU
		{7B5B2BB2-D8A1-49BC-A332-FEFEC344DB27}.Release|Any CPU.ActiveCfg = Release|Any CPU
		{7B5B2BB2-D8A1-49BC-A332-FEFEC344DB27}.Release|Any CPU.Build.0 = Release|Any CPU
		{27F0351B-4650-4217-8BF1-0CA41745D15E}.Debug|Any CPU.ActiveCfg = Debug|Any CPU
		{27F0351B-4650-4217-8BF1-0CA41745D15E}.Debug|Any CPU.Build.0 = Debug|Any CPU
		{27F0351B-4650-4217-8BF1-0CA41745D15E}.Release|Any CPU.ActiveCfg = Release|Any CPU
		{27F0351B-4650-4217-8BF1-0CA41745D15E}.Release|Any CPU.Build.0 = Release|Any CPU
		{1FE04E5F-951E-408F-9172-87B259CBBF94}.Debug|Any CPU.ActiveCfg = Debug|Any CPU
		{1FE04E5F-951E-408F-9172-87B259CBBF94}.Debug|Any CPU.Build.0 = Debug|Any CPU
		{1FE04E5F-951E-408F-9172-87B259CBBF94}.Release|Any CPU.ActiveCfg = Release|Any CPU
		{1FE04E5F-951E-408F-9172-87B259CBBF94}.Release|Any CPU.Build.0 = Release|Any CPU
		{E31A7AA3-DA8B-4E3D-8E3B-684555A8DAFC}.Debug|Any CPU.ActiveCfg = Debug|Any CPU
		{E31A7AA3-DA8B-4E3D-8E3B-684555A8DAFC}.Debug|Any CPU.Build.0 = Debug|Any CPU
		{E31A7AA3-DA8B-4E3D-8E3B-684555A8DAFC}.Release|Any CPU.ActiveCfg = Release|Any CPU
		{E31A7AA3-DA8B-4E3D-8E3B-684555A8DAFC}.Release|Any CPU.Build.0 = Release|Any CPU
		{9FCA647F-ED19-4BEF-A2FF-093AE27974E9}.Debug|Any CPU.ActiveCfg = Debug|Any CPU
		{9FCA647F-ED19-4BEF-A2FF-093AE27974E9}.Debug|Any CPU.Build.0 = Debug|Any CPU
		{9FCA647F-ED19-4BEF-A2FF-093AE27974E9}.Release|Any CPU.ActiveCfg = Release|Any CPU
		{9FCA647F-ED19-4BEF-A2FF-093AE27974E9}.Release|Any CPU.Build.0 = Release|Any CPU
		{8C2F9E03-DA0E-48BB-BCDE-04312DBB8D6A}.Debug|Any CPU.ActiveCfg = Debug|Any CPU
		{8C2F9E03-DA0E-48BB-BCDE-04312DBB8D6A}.Debug|Any CPU.Build.0 = Debug|Any CPU
		{8C2F9E03-DA0E-48BB-BCDE-04312DBB8D6A}.Release|Any CPU.ActiveCfg = Release|Any CPU
		{8C2F9E03-DA0E-48BB-BCDE-04312DBB8D6A}.Release|Any CPU.Build.0 = Release|Any CPU
		{6229EAE5-0E6B-41A4-9FE4-560A868549CC}.Debug|Any CPU.ActiveCfg = Debug|Any CPU
		{6229EAE5-0E6B-41A4-9FE4-560A868549CC}.Debug|Any CPU.Build.0 = Debug|Any CPU
		{6229EAE5-0E6B-41A4-9FE4-560A868549CC}.Release|Any CPU.ActiveCfg = Release|Any CPU
		{6229EAE5-0E6B-41A4-9FE4-560A868549CC}.Release|Any CPU.Build.0 = Release|Any CPU
		{20C99C5A-BF22-4BE7-9309-9994658A1E14}.Debug|Any CPU.ActiveCfg = Debug|Any CPU
		{20C99C5A-BF22-4BE7-9309-9994658A1E14}.Debug|Any CPU.Build.0 = Debug|Any CPU
		{20C99C5A-BF22-4BE7-9309-9994658A1E14}.Release|Any CPU.ActiveCfg = Release|Any CPU
		{20C99C5A-BF22-4BE7-9309-9994658A1E14}.Release|Any CPU.Build.0 = Release|Any CPU
		{BBF58888-03CD-47F4-AEB9-BC6070D97920}.Debug|Any CPU.ActiveCfg = Debug|Any CPU
		{BBF58888-03CD-47F4-AEB9-BC6070D97920}.Debug|Any CPU.Build.0 = Debug|Any CPU
		{BBF58888-03CD-47F4-AEB9-BC6070D97920}.Release|Any CPU.ActiveCfg = Release|Any CPU
		{BBF58888-03CD-47F4-AEB9-BC6070D97920}.Release|Any CPU.Build.0 = Release|Any CPU
		{858903A5-C637-4D20-B32E-6411F86EB64D}.Debug|Any CPU.ActiveCfg = Debug|Any CPU
		{858903A5-C637-4D20-B32E-6411F86EB64D}.Debug|Any CPU.Build.0 = Debug|Any CPU
		{858903A5-C637-4D20-B32E-6411F86EB64D}.Release|Any CPU.ActiveCfg = Release|Any CPU
		{858903A5-C637-4D20-B32E-6411F86EB64D}.Release|Any CPU.Build.0 = Release|Any CPU
		{A7AB9AE6-04CD-44A7-84F5-53FC1815C17F}.Debug|Any CPU.ActiveCfg = Debug|Any CPU
		{A7AB9AE6-04CD-44A7-84F5-53FC1815C17F}.Debug|Any CPU.Build.0 = Debug|Any CPU
		{A7AB9AE6-04CD-44A7-84F5-53FC1815C17F}.Release|Any CPU.ActiveCfg = Release|Any CPU
		{A7AB9AE6-04CD-44A7-84F5-53FC1815C17F}.Release|Any CPU.Build.0 = Release|Any CPU
		{AE611C11-C8D5-4D19-936C-137985BF63B4}.Debug|Any CPU.ActiveCfg = Debug|Any CPU
		{AE611C11-C8D5-4D19-936C-137985BF63B4}.Debug|Any CPU.Build.0 = Debug|Any CPU
		{AE611C11-C8D5-4D19-936C-137985BF63B4}.Release|Any CPU.ActiveCfg = Release|Any CPU
		{AE611C11-C8D5-4D19-936C-137985BF63B4}.Release|Any CPU.Build.0 = Release|Any CPU
		{D1F70751-534E-461E-999D-42813AC2CAE8}.Debug|Any CPU.ActiveCfg = Debug|Any CPU
		{D1F70751-534E-461E-999D-42813AC2CAE8}.Debug|Any CPU.Build.0 = Debug|Any CPU
		{D1F70751-534E-461E-999D-42813AC2CAE8}.Release|Any CPU.ActiveCfg = Release|Any CPU
		{D1F70751-534E-461E-999D-42813AC2CAE8}.Release|Any CPU.Build.0 = Release|Any CPU
		{22A8139A-B784-4515-9F82-D50660C0636C}.Debug|Any CPU.ActiveCfg = Debug|Any CPU
		{22A8139A-B784-4515-9F82-D50660C0636C}.Debug|Any CPU.Build.0 = Debug|Any CPU
		{22A8139A-B784-4515-9F82-D50660C0636C}.Release|Any CPU.ActiveCfg = Release|Any CPU
		{22A8139A-B784-4515-9F82-D50660C0636C}.Release|Any CPU.Build.0 = Release|Any CPU
		{0F18B07C-B8FA-4A0A-8CB1-FAE9BEEE8969}.Debug|Any CPU.ActiveCfg = Debug|Any CPU
		{0F18B07C-B8FA-4A0A-8CB1-FAE9BEEE8969}.Debug|Any CPU.Build.0 = Debug|Any CPU
		{0F18B07C-B8FA-4A0A-8CB1-FAE9BEEE8969}.Release|Any CPU.ActiveCfg = Release|Any CPU
		{0F18B07C-B8FA-4A0A-8CB1-FAE9BEEE8969}.Release|Any CPU.Build.0 = Release|Any CPU
		{CB2CCA81-C266-49A4-9FA0-40416EC2318E}.Debug|Any CPU.ActiveCfg = Debug|Any CPU
		{CB2CCA81-C266-49A4-9FA0-40416EC2318E}.Debug|Any CPU.Build.0 = Debug|Any CPU
		{CB2CCA81-C266-49A4-9FA0-40416EC2318E}.Release|Any CPU.ActiveCfg = Release|Any CPU
		{CB2CCA81-C266-49A4-9FA0-40416EC2318E}.Release|Any CPU.Build.0 = Release|Any CPU
		{282ABDCD-5E77-4662-8439-E0669FE7FAA1}.Debug|Any CPU.ActiveCfg = Debug|Any CPU
		{282ABDCD-5E77-4662-8439-E0669FE7FAA1}.Debug|Any CPU.Build.0 = Debug|Any CPU
		{282ABDCD-5E77-4662-8439-E0669FE7FAA1}.Release|Any CPU.ActiveCfg = Release|Any CPU
		{282ABDCD-5E77-4662-8439-E0669FE7FAA1}.Release|Any CPU.Build.0 = Release|Any CPU
		{B481B48C-74E8-4743-A8F5-30B8D7C90C25}.Debug|Any CPU.ActiveCfg = Debug|Any CPU
		{B481B48C-74E8-4743-A8F5-30B8D7C90C25}.Debug|Any CPU.Build.0 = Debug|Any CPU
		{B481B48C-74E8-4743-A8F5-30B8D7C90C25}.Release|Any CPU.ActiveCfg = Release|Any CPU
		{B481B48C-74E8-4743-A8F5-30B8D7C90C25}.Release|Any CPU.Build.0 = Release|Any CPU
		{54938884-179C-46F9-ABA4-2C4CED45B175}.Debug|Any CPU.ActiveCfg = Debug|Any CPU
		{54938884-179C-46F9-ABA4-2C4CED45B175}.Debug|Any CPU.Build.0 = Debug|Any CPU
		{54938884-179C-46F9-ABA4-2C4CED45B175}.Release|Any CPU.ActiveCfg = Release|Any CPU
		{54938884-179C-46F9-ABA4-2C4CED45B175}.Release|Any CPU.Build.0 = Release|Any CPU
		{7455AFBE-4E28-41D5-A94D-5308AE57ACE6}.Debug|Any CPU.ActiveCfg = Debug|Any CPU
		{7455AFBE-4E28-41D5-A94D-5308AE57ACE6}.Debug|Any CPU.Build.0 = Debug|Any CPU
		{7455AFBE-4E28-41D5-A94D-5308AE57ACE6}.Release|Any CPU.ActiveCfg = Release|Any CPU
		{7455AFBE-4E28-41D5-A94D-5308AE57ACE6}.Release|Any CPU.Build.0 = Release|Any CPU
		{CACD8018-E1AB-42C2-B8D2-0D1F443C6058}.Debug|Any CPU.ActiveCfg = Debug|Any CPU
		{CACD8018-E1AB-42C2-B8D2-0D1F443C6058}.Debug|Any CPU.Build.0 = Debug|Any CPU
		{CACD8018-E1AB-42C2-B8D2-0D1F443C6058}.Release|Any CPU.ActiveCfg = Release|Any CPU
		{CACD8018-E1AB-42C2-B8D2-0D1F443C6058}.Release|Any CPU.Build.0 = Release|Any CPU
		{F1F08DC3-E584-498E-BFB3-3DC790416947}.Debug|Any CPU.ActiveCfg = Debug|Any CPU
		{F1F08DC3-E584-498E-BFB3-3DC790416947}.Debug|Any CPU.Build.0 = Debug|Any CPU
		{F1F08DC3-E584-498E-BFB3-3DC790416947}.Release|Any CPU.ActiveCfg = Release|Any CPU
		{F1F08DC3-E584-498E-BFB3-3DC790416947}.Release|Any CPU.Build.0 = Release|Any CPU
		{4921A0E0-8197-4D15-932B-06D667BF9275}.Debug|Any CPU.ActiveCfg = Debug|Any CPU
		{4921A0E0-8197-4D15-932B-06D667BF9275}.Debug|Any CPU.Build.0 = Debug|Any CPU
		{4921A0E0-8197-4D15-932B-06D667BF9275}.Release|Any CPU.ActiveCfg = Release|Any CPU
		{4921A0E0-8197-4D15-932B-06D667BF9275}.Release|Any CPU.Build.0 = Release|Any CPU
	EndGlobalSection
	GlobalSection(SolutionProperties) = preSolution
		HideSolutionNode = FALSE
	EndGlobalSection
	GlobalSection(NestedProjects) = preSolution
		{CD435FCE-0A6F-4563-8F2C-C9FD00729EB0} = {9073B567-EC56-4B9A-B6F3-38678F825A88}
		{08450C91-0BCE-4289-8B1D-88C4FA51DF16} = {9073B567-EC56-4B9A-B6F3-38678F825A88}
		{C9D03C79-C7C6-4EAD-AD9B-5A9BBC3312D6} = {9073B567-EC56-4B9A-B6F3-38678F825A88}
		{CD14932B-B0A0-40D8-A683-4598B5415FE2} = {9073B567-EC56-4B9A-B6F3-38678F825A88}
		{1EEB49D9-7B09-48D6-89B1-47BE575465D9} = {9073B567-EC56-4B9A-B6F3-38678F825A88}
		{32AC3710-ADF8-4522-8F06-1F9C7A45E6E7} = {CD435FCE-0A6F-4563-8F2C-C9FD00729EB0}
		{07EF33EC-6D92-4176-8E6D-C1C5BACD3E6E} = {CD435FCE-0A6F-4563-8F2C-C9FD00729EB0}
		{A8D2E330-FD7D-49E3-8080-F3EC87E93781} = {CD435FCE-0A6F-4563-8F2C-C9FD00729EB0}
		{4A084ED0-9F5D-4CE9-BB1E-D39B21AD9BCB} = {08450C91-0BCE-4289-8B1D-88C4FA51DF16}
		{E0C35C03-F71F-44DA-89ED-17092E10D97D} = {08450C91-0BCE-4289-8B1D-88C4FA51DF16}
		{C88D301B-9326-4F74-916B-0BAF299969BD} = {08450C91-0BCE-4289-8B1D-88C4FA51DF16}
		{2247DD67-1747-430F-B93F-C5538A6DDA1E} = {C9D03C79-C7C6-4EAD-AD9B-5A9BBC3312D6}
		{549E911D-9534-49E3-AF19-19D06B697083} = {C9D03C79-C7C6-4EAD-AD9B-5A9BBC3312D6}
		{1FE04E5F-951E-408F-9172-87B259CBBF94} = {C9D03C79-C7C6-4EAD-AD9B-5A9BBC3312D6}
		{69F83B70-0759-4C16-A4C4-6D17D50F4256} = {CD14932B-B0A0-40D8-A683-4598B5415FE2}
		{288BCB69-1B33-41B5-B1FD-46C03761B514} = {CD14932B-B0A0-40D8-A683-4598B5415FE2}
		{F8C44C6A-135B-4753-982B-9507E7899327} = {CD14932B-B0A0-40D8-A683-4598B5415FE2}
		{58D0962F-9A65-499C-820E-6EF9AFA52F61} = {CD14932B-B0A0-40D8-A683-4598B5415FE2}
		{DE022CD4-E718-4010-BFA9-872D58C6C2FD} = {EF805F06-A034-4CFF-9BD5-0EBC0CCA7879}
		{F5ACBC12-CCD7-4D6C-9CFB-7AD2AD4C78D6} = {EF805F06-A034-4CFF-9BD5-0EBC0CCA7879}
		{8DF74568-2852-41F1-A25C-1FAFB34C0DEF} = {EF805F06-A034-4CFF-9BD5-0EBC0CCA7879}
		{1631B2D7-CE93-46FA-9C7C-754415AC5E47} = {EF805F06-A034-4CFF-9BD5-0EBC0CCA7879}
		{4C4F167D-3339-45F1-9A85-71159EF0D806} = {DE022CD4-E718-4010-BFA9-872D58C6C2FD}
		{F6EDD751-080B-4C4E-8216-2E1ED3ED0A66} = {F5ACBC12-CCD7-4D6C-9CFB-7AD2AD4C78D6}
		{62991061-98B4-4213-8EB2-BC89183BBEFD} = {F5ACBC12-CCD7-4D6C-9CFB-7AD2AD4C78D6}
		{DB1418F1-7D65-4317-95E0-C3EFF5B482DB} = {F5ACBC12-CCD7-4D6C-9CFB-7AD2AD4C78D6}
		{4CBA757A-C25F-49BF-BD1D-693A98A7C175} = {8DF74568-2852-41F1-A25C-1FAFB34C0DEF}
		{27301EBA-3E81-4091-B877-DA0BE0BAE158} = {8DF74568-2852-41F1-A25C-1FAFB34C0DEF}
		{4ED67F1A-B775-4C35-A175-E1E316955E6D} = {8DF74568-2852-41F1-A25C-1FAFB34C0DEF}
		{8DB1B3EB-5262-4208-ACC5-8ACF284C5977} = {1631B2D7-CE93-46FA-9C7C-754415AC5E47}
		{62D77A23-3F0F-4481-A7D7-773D63D9917A} = {1631B2D7-CE93-46FA-9C7C-754415AC5E47}
		{B96CB3A4-B8CC-49A5-93B9-34255F801A7F} = {1631B2D7-CE93-46FA-9C7C-754415AC5E47}
		{ED90B5C6-71F0-46F6-A2A5-806997104121} = {1631B2D7-CE93-46FA-9C7C-754415AC5E47}
		{D61DBD04-95DC-4EB1-AD54-1FF929AC2814} = {D9EFBBF7-E413-432F-A8DD-47607BA9C3A0}
		{583A125D-9199-4122-B8BA-FD520068F083} = {D9EFBBF7-E413-432F-A8DD-47607BA9C3A0}
		{611EF683-34FE-43F4-AD9A-DFD79731AB0A} = {D9EFBBF7-E413-432F-A8DD-47607BA9C3A0}
		{BBF58888-03CD-47F4-AEB9-BC6070D97920} = {D9EFBBF7-E413-432F-A8DD-47607BA9C3A0}
		{8025AAA6-E76C-4D87-855C-3F78AE21D939} = {AA8A8F0B-1478-43D4-8392-2DEC3441AA8B}
		{4005EF1F-B428-41ED-8185-0E97FFCC33EB} = {AA8A8F0B-1478-43D4-8392-2DEC3441AA8B}
		{2E89993D-0127-475B-B7C9-8B6A97DB67CC} = {AA8A8F0B-1478-43D4-8392-2DEC3441AA8B}
		{DA126980-6EB1-4C91-9C85-276E589CEF08} = {AA8A8F0B-1478-43D4-8392-2DEC3441AA8B}
		{523DACA3-BEC6-45E9-90D4-8F6F8A1266D7} = {8025AAA6-E76C-4D87-855C-3F78AE21D939}
		{A7AB9AE6-04CD-44A7-84F5-53FC1815C17F} = {8025AAA6-E76C-4D87-855C-3F78AE21D939}
		{AE611C11-C8D5-4D19-936C-137985BF63B4} = {8025AAA6-E76C-4D87-855C-3F78AE21D939}
		{7B5B2BB2-D8A1-49BC-A332-FEFEC344DB27} = {36A9A006-E77F-42D7-818B-C437AE7C49F7}
		{27F0351B-4650-4217-8BF1-0CA41745D15E} = {36A9A006-E77F-42D7-818B-C437AE7C49F7}
		{858903A5-C637-4D20-B32E-6411F86EB64D} = {36A9A006-E77F-42D7-818B-C437AE7C49F7}
		{E31A7AA3-DA8B-4E3D-8E3B-684555A8DAFC} = {1EEB49D9-7B09-48D6-89B1-47BE575465D9}
		{9FCA647F-ED19-4BEF-A2FF-093AE27974E9} = {1EEB49D9-7B09-48D6-89B1-47BE575465D9}
		{8C2F9E03-DA0E-48BB-BCDE-04312DBB8D6A} = {1EEB49D9-7B09-48D6-89B1-47BE575465D9}
		{6229EAE5-0E6B-41A4-9FE4-560A868549CC} = {1EEB49D9-7B09-48D6-89B1-47BE575465D9}
		{20C99C5A-BF22-4BE7-9309-9994658A1E14} = {1EEB49D9-7B09-48D6-89B1-47BE575465D9}
		{8580CC98-B35F-468C-A0CE-A4F6FE5EDE7C} = {25A69626-C318-4832-8E81-CED56CC9966C}
		{3CDFE443-EEA2-4DD5-A912-432A42A69832} = {25A69626-C318-4832-8E81-CED56CC9966C}
		{D1F70751-534E-461E-999D-42813AC2CAE8} = {4005EF1F-B428-41ED-8185-0E97FFCC33EB}
		{22A8139A-B784-4515-9F82-D50660C0636C} = {4005EF1F-B428-41ED-8185-0E97FFCC33EB}
		{0F18B07C-B8FA-4A0A-8CB1-FAE9BEEE8969} = {4005EF1F-B428-41ED-8185-0E97FFCC33EB}
		{4921A0E0-8197-4D15-932B-06D667BF9275} = {4005EF1F-B428-41ED-8185-0E97FFCC33EB}
		{CB2CCA81-C266-49A4-9FA0-40416EC2318E} = {2E89993D-0127-475B-B7C9-8B6A97DB67CC}
		{282ABDCD-5E77-4662-8439-E0669FE7FAA1} = {2E89993D-0127-475B-B7C9-8B6A97DB67CC}
		{B481B48C-74E8-4743-A8F5-30B8D7C90C25} = {2E89993D-0127-475B-B7C9-8B6A97DB67CC}
		{54938884-179C-46F9-ABA4-2C4CED45B175} = {DA126980-6EB1-4C91-9C85-276E589CEF08}
		{7455AFBE-4E28-41D5-A94D-5308AE57ACE6} = {DA126980-6EB1-4C91-9C85-276E589CEF08}
		{CACD8018-E1AB-42C2-B8D2-0D1F443C6058} = {DA126980-6EB1-4C91-9C85-276E589CEF08}
		{F1F08DC3-E584-498E-BFB3-3DC790416947} = {DA126980-6EB1-4C91-9C85-276E589CEF08}
	EndGlobalSection
EndGlobal
